
Microsoft Visual Studio Solution File, Format Version 12.00
# Visual Studio Version 16
VisualStudioVersion = 16.0.29215.179
MinimumVisualStudioVersion = 10.0.40219.1
Project("{8BC9CEB8-8B4A-11D0-8D11-00A0C91BC942}") = "LcdScreenCpp", "LcdScreenCpp.vcxproj", "{F9D89781-78E4-4CD4-802A-D2C8F2F26BF0}"
EndProject
Global
	GlobalSection(SolutionConfigurationPlatforms) = preSolution
		Debug|x64 = Debug|x64
		Debug|x86 = Debug|x86
		Release|x64 = Release|x64
		Release|x86 = Release|x86
	EndGlobalSection
	GlobalSection(ProjectConfigurationPlatforms) = postSolution
		{F9D89781-78E4-4CD4-802A-D2C8F2F26BF0}.Debug|x64.ActiveCfg = Debug|x64
		{F9D89781-78E4-4CD4-802A-D2C8F2F26BF0}.Debug|x64.Build.0 = Debug|x64
		{F9D89781-78E4-4CD4-802A-D2C8F2F26BF0}.Debug|x86.ActiveCfg = Debug|Win32
		{F9D89781-78E4-4CD4-802A-D2C8F2F26BF0}.Debug|x86.Build.0 = Debug|Win32
		{F9D89781-78E4-4CD4-802A-D2C8F2F26BF0}.Release|x64.ActiveCfg = Release|x64
		{F9D89781-78E4-4CD4-802A-D2C8F2F26BF0}.Release|x64.Build.0 = Release|x64
		{F9D89781-78E4-4CD4-802A-D2C8F2F26BF0}.Release|x86.ActiveCfg = Release|Win32
		{F9D89781-78E4-4CD4-802A-D2C8F2F26BF0}.Release|x86.Build.0 = Release|Win32
	EndGlobalSection
	GlobalSection(SolutionProperties) = preSolution
		HideSolutionNode = FALSE
	EndGlobalSection
	GlobalSection(ExtensibilityGlobals) = postSolution
		SolutionGuid = {80DED58D-EB38-40BF-AA33-E91C55F5E865}
	EndGlobalSection
EndGlobal
